
Microsoft Visual Studio Solution File, Format Version 12.00
# Visual Studio Version 17
VisualStudioVersion = 17.5.002.0
MinimumVisualStudioVersion = 10.0.40219.1
Project("{2150E333-8FDC-42A3-9474-1A3956D46DE8}") = "C#", "C#", "{F248AF3A-1AD3-4584-B5A8-F77C912B0E11}"
EndProject
Project("{9A19103F-16F7-4668-BE54-9A1E7A4F7556}") = "lection_5", "C#\lection_5\lection_5.csproj", "{E0518E15-2306-41A4-9E61-496E529F3995}"
EndProject
Project("{9A19103F-16F7-4668-BE54-9A1E7A4F7556}") = "lection_4", "C#\lection_4\lection_4.csproj", "{CF880DB8-53F7-41A0-AACC-8F872575A58F}"
EndProject
Project("{9A19103F-16F7-4668-BE54-9A1E7A4F7556}") = "lection_3", "C#\lection_3\lection_3.csproj", "{74C5A832-3B73-43F0-8B6F-38499AAB121E}"
EndProject
Project("{2150E333-8FDC-42A3-9474-1A3956D46DE8}") = "bootcamp", "bootcamp", "{6B12DAAC-146C-469C-96B5-A8AC4650D1F3}"
EndProject
Project("{9A19103F-16F7-4668-BE54-9A1E7A4F7556}") = "03", "bootcamp\03\03.csproj", "{5752538D-0DC4-4C34-B819-4EDA8689FB30}"
EndProject
Project("{9A19103F-16F7-4668-BE54-9A1E7A4F7556}") = "04", "bootcamp\04\04.csproj", "{8C2844EE-420D-4ADD-A3B4-7E5BE53E4FF0}"
EndProject
Project("{9A19103F-16F7-4668-BE54-9A1E7A4F7556}") = "02", "bootcamp\02\02.csproj", "{DFFD5A54-AFC2-4920-B01F-09E95F210B12}"
EndProject
Project("{9A19103F-16F7-4668-BE54-9A1E7A4F7556}") = "myexe", "bootcamp\myexe\myexe.csproj", "{C97850ED-AB6E-4D48-BB82-3499EA75C3FD}"
EndProject
Project("{9A19103F-16F7-4668-BE54-9A1E7A4F7556}") = "08", "bootcamp\08\08.csproj", "{D489DEC8-AECA-46F3-B4BE-71B395157AF8}"
EndProject
Project("{2150E333-8FDC-42A3-9474-1A3956D46DE8}") = "lection_1", "lection_1", "{519BBA34-B952-4E8B-9940-03361AA25B34}"
EndProject
Project("{9A19103F-16F7-4668-BE54-9A1E7A4F7556}") = "task_1_5", "C#\lection_1\task_1_5\task_1_5.csproj", "{16F8EA38-D707-4725-8330-0B0482B4CCFA}"
EndProject
Project("{9A19103F-16F7-4668-BE54-9A1E7A4F7556}") = "task_1_2", "C#\lection_1\task_1_2\task_1_2.csproj", "{1AE0622F-11AB-43F7-AD23-5CF529A0BFBD}"
EndProject
Project("{9A19103F-16F7-4668-BE54-9A1E7A4F7556}") = "task_1_3", "C#\lection_1\task_1_3\task_1_3.csproj", "{ACB26DCE-3A5D-42CB-91CA-52FA5A66B9C3}"
EndProject
Project("{9A19103F-16F7-4668-BE54-9A1E7A4F7556}") = "task_1_4", "C#\lection_1\task_1_4\task_1_4.csproj", "{2EAC9FDC-DAB5-48B8-AE87-FEFB696CF808}"
EndProject
Project("{9A19103F-16F7-4668-BE54-9A1E7A4F7556}") = "task_1_1", "C#\lection_1\task_1_1\task_1_1.csproj", "{D2B7340E-3CDC-4615-8C5D-DE34DA64B9B4}"
EndProject
Project("{9A19103F-16F7-4668-BE54-9A1E7A4F7556}") = "task_1_6", "C#\lection_1\task_1_6\task_1_6.csproj", "{724BC5DA-CD37-400B-A860-55578811A875}"
EndProject
Project("{9A19103F-16F7-4668-BE54-9A1E7A4F7556}") = "task_1_7", "C#\lection_1\task_1_7\task_1_7.csproj", "{55F5DA59-F2A6-47D9-9051-DFA373AFB5B4}"
EndProject
Project("{2150E333-8FDC-42A3-9474-1A3956D46DE8}") = "myOwnWork", "myOwnWork", "{F7FBE0A4-814F-436F-B285-44BCD8BC9354}"
EndProject
Project("{9A19103F-16F7-4668-BE54-9A1E7A4F7556}") = "001", "C#\myOwnWork\001\001.csproj", "{7E1924E7-5675-4039-841E-D0FBEA6F4758}"
EndProject
Project("{9A19103F-16F7-4668-BE54-9A1E7A4F7556}") = "002", "C#\myOwnWork\002\002.csproj", "{9993AF9B-9B97-4B5B-9B75-81206467FD20}"
EndProject
Project("{2150E333-8FDC-42A3-9474-1A3956D46DE8}") = "lection_2", "lection_2", "{2ABE1033-F8A0-498E-BE10-ECBF0A351CFB}"
EndProject
Project("{9A19103F-16F7-4668-BE54-9A1E7A4F7556}") = "task_2_2", "C#\lection_2\task_2_2\task_2_2.csproj", "{49DA0C2F-A60D-4D90-AF7E-1860CC78EA1F}"
EndProject
Project("{9A19103F-16F7-4668-BE54-9A1E7A4F7556}") = "task_2_3", "C#\lection_2\task_2_3\task_2_3.csproj", "{A6E7389B-8D4A-473A-B295-82CE1B6E4B7D}"
EndProject
Project("{9A19103F-16F7-4668-BE54-9A1E7A4F7556}") = "task_2_4", "C#\lection_2\task_2_4\task_2_4.csproj", "{71DE61D2-4003-4851-AA08-A73126B68598}"
EndProject
Project("{9A19103F-16F7-4668-BE54-9A1E7A4F7556}") = "task_2_1", "C#\lection_2\task_2_1\task_2_1.csproj", "{06DF38B3-FEB5-4530-A84A-06759B69D947}"
EndProject
Project("{2150E333-8FDC-42A3-9474-1A3956D46DE8}") = "homeworks", "homeworks", "{D101E88D-35C1-4F56-B532-DC1D0A58006C}"
EndProject
Project("{9A19103F-16F7-4668-BE54-9A1E7A4F7556}") = "hw_3", "C#\homeworks\hw_3\hw_3.csproj", "{56A628AB-D3FE-4431-818C-B5238F3AE8DD}"
EndProject
Project("{9A19103F-16F7-4668-BE54-9A1E7A4F7556}") = "hw_4", "C#\homeworks\hw_4\hw_4.csproj", "{8C06DD96-799F-4762-A54F-2BE79AEDAE98}"
EndProject
Project("{9A19103F-16F7-4668-BE54-9A1E7A4F7556}") = "hw_5", "C#\homeworks\hw_5\hw_5.csproj", "{F5453655-7D69-41BA-A801-75348FF4E9AB}"
EndProject
Project("{9A19103F-16F7-4668-BE54-9A1E7A4F7556}") = "hw_2", "C#\homeworks\hw_2\hw_2.csproj", "{AB29F8BA-8182-420B-B6F7-70E92D058C17}"
EndProject
Project("{9A19103F-16F7-4668-BE54-9A1E7A4F7556}") = "hw_9", "C#\homeworks\hw_9\hw_9.csproj", "{11D65C73-4CA8-4383-B510-8FF670A41734}"
EndProject
Project("{9A19103F-16F7-4668-BE54-9A1E7A4F7556}") = "hw_7", "C#\homeworks\hw_7\hw_7.csproj", "{A2A58B28-0F1F-4CC9-AE9C-D5E71B9C27C6}"
EndProject
Project("{9A19103F-16F7-4668-BE54-9A1E7A4F7556}") = "hw_1", "C#\homeworks\hw_1\hw_1.csproj", "{5A9A6569-1EE0-4436-B59D-5ABCEA58881C}"
EndProject
Project("{9A19103F-16F7-4668-BE54-9A1E7A4F7556}") = "hw_6", "C#\homeworks\hw_6\hw_6.csproj", "{0BE73315-93E8-4B5D-A6E2-00EB7B18333E}"
EndProject
Project("{9A19103F-16F7-4668-BE54-9A1E7A4F7556}") = "hw_8", "C#\homeworks\hw_8\hw_8.csproj", "{F0F57339-F00B-40F4-90D9-C2BF650D4839}"
EndProject
Project("{2150E333-8FDC-42A3-9474-1A3956D46DE8}") = "seminars", "seminars", "{E3EB8942-7070-4B4E-A04E-750C5A4E058E}"
EndProject
Project("{9A19103F-16F7-4668-BE54-9A1E7A4F7556}") = "seminar_6", "C#\seminars\seminar_6\seminar_6.csproj", "{39D2049C-35E9-44E2-B509-FA8D441A0D00}"
EndProject
Project("{9A19103F-16F7-4668-BE54-9A1E7A4F7556}") = "seminar_1", "C#\seminars\seminar_1\seminar_1.csproj", "{E949A469-682D-488C-BD54-A1449608597B}"
EndProject
Project("{9A19103F-16F7-4668-BE54-9A1E7A4F7556}") = "seminar_8", "C#\seminars\seminar_8\seminar_8.csproj", "{CDDD751E-C0F9-4DFE-9208-C193C42CDFCA}"
EndProject
Project("{9A19103F-16F7-4668-BE54-9A1E7A4F7556}") = "seminar_9", "C#\seminars\seminar_9\seminar_9.csproj", "{C582E475-0EAB-44ED-96A4-37D750DDF427}"
EndProject
Project("{9A19103F-16F7-4668-BE54-9A1E7A4F7556}") = "seminar_7", "C#\seminars\seminar_7\seminar_7.csproj", "{47EB67A3-4036-4A61-A0F7-BF8FF848E877}"
EndProject
Project("{9A19103F-16F7-4668-BE54-9A1E7A4F7556}") = "seminar_2", "C#\seminars\seminar_2\seminar_2.csproj", "{14E01228-BC88-400C-BA04-FD425E9DB1EB}"
EndProject
Project("{9A19103F-16F7-4668-BE54-9A1E7A4F7556}") = "seminar_5", "C#\seminars\seminar_5\seminar_5.csproj", "{5608C2A2-ED2F-4FA2-8294-86E10F631E7E}"
EndProject
Project("{9A19103F-16F7-4668-BE54-9A1E7A4F7556}") = "seminar_4", "C#\seminars\seminar_4\seminar_4.csproj", "{A46CFE68-A1F5-437A-8849-1064A1AD5E73}"
EndProject
Project("{9A19103F-16F7-4668-BE54-9A1E7A4F7556}") = "seminar_3", "C#\seminars\seminar_3\seminar_3.csproj", "{354F7E35-250A-41AA-B35F-360BA1E0D325}"
EndProject
Global
	GlobalSection(SolutionConfigurationPlatforms) = preSolution
		Debug|Any CPU = Debug|Any CPU
		Release|Any CPU = Release|Any CPU
	EndGlobalSection
	GlobalSection(ProjectConfigurationPlatforms) = postSolution
		{E0518E15-2306-41A4-9E61-496E529F3995}.Debug|Any CPU.ActiveCfg = Debug|Any CPU
		{E0518E15-2306-41A4-9E61-496E529F3995}.Debug|Any CPU.Build.0 = Debug|Any CPU
		{E0518E15-2306-41A4-9E61-496E529F3995}.Release|Any CPU.ActiveCfg = Release|Any CPU
		{E0518E15-2306-41A4-9E61-496E529F3995}.Release|Any CPU.Build.0 = Release|Any CPU
		{CF880DB8-53F7-41A0-AACC-8F872575A58F}.Debug|Any CPU.ActiveCfg = Debug|Any CPU
		{CF880DB8-53F7-41A0-AACC-8F872575A58F}.Debug|Any CPU.Build.0 = Debug|Any CPU
		{CF880DB8-53F7-41A0-AACC-8F872575A58F}.Release|Any CPU.ActiveCfg = Release|Any CPU
		{CF880DB8-53F7-41A0-AACC-8F872575A58F}.Release|Any CPU.Build.0 = Release|Any CPU
		{74C5A832-3B73-43F0-8B6F-38499AAB121E}.Debug|Any CPU.ActiveCfg = Debug|Any CPU
		{74C5A832-3B73-43F0-8B6F-38499AAB121E}.Debug|Any CPU.Build.0 = Debug|Any CPU
		{74C5A832-3B73-43F0-8B6F-38499AAB121E}.Release|Any CPU.ActiveCfg = Release|Any CPU
		{74C5A832-3B73-43F0-8B6F-38499AAB121E}.Release|Any CPU.Build.0 = Release|Any CPU
		{5752538D-0DC4-4C34-B819-4EDA8689FB30}.Debug|Any CPU.ActiveCfg = Debug|Any CPU
		{5752538D-0DC4-4C34-B819-4EDA8689FB30}.Debug|Any CPU.Build.0 = Debug|Any CPU
		{5752538D-0DC4-4C34-B819-4EDA8689FB30}.Release|Any CPU.ActiveCfg = Release|Any CPU
		{5752538D-0DC4-4C34-B819-4EDA8689FB30}.Release|Any CPU.Build.0 = Release|Any CPU
		{8C2844EE-420D-4ADD-A3B4-7E5BE53E4FF0}.Debug|Any CPU.ActiveCfg = Debug|Any CPU
		{8C2844EE-420D-4ADD-A3B4-7E5BE53E4FF0}.Debug|Any CPU.Build.0 = Debug|Any CPU
		{8C2844EE-420D-4ADD-A3B4-7E5BE53E4FF0}.Release|Any CPU.ActiveCfg = Release|Any CPU
		{8C2844EE-420D-4ADD-A3B4-7E5BE53E4FF0}.Release|Any CPU.Build.0 = Release|Any CPU
		{DFFD5A54-AFC2-4920-B01F-09E95F210B12}.Debug|Any CPU.ActiveCfg = Debug|Any CPU
		{DFFD5A54-AFC2-4920-B01F-09E95F210B12}.Debug|Any CPU.Build.0 = Debug|Any CPU
		{DFFD5A54-AFC2-4920-B01F-09E95F210B12}.Release|Any CPU.ActiveCfg = Release|Any CPU
		{DFFD5A54-AFC2-4920-B01F-09E95F210B12}.Release|Any CPU.Build.0 = Release|Any CPU
		{C97850ED-AB6E-4D48-BB82-3499EA75C3FD}.Debug|Any CPU.ActiveCfg = Debug|Any CPU
		{C97850ED-AB6E-4D48-BB82-3499EA75C3FD}.Debug|Any CPU.Build.0 = Debug|Any CPU
		{C97850ED-AB6E-4D48-BB82-3499EA75C3FD}.Release|Any CPU.ActiveCfg = Release|Any CPU
		{C97850ED-AB6E-4D48-BB82-3499EA75C3FD}.Release|Any CPU.Build.0 = Release|Any CPU
		{D489DEC8-AECA-46F3-B4BE-71B395157AF8}.Debug|Any CPU.ActiveCfg = Debug|Any CPU
		{D489DEC8-AECA-46F3-B4BE-71B395157AF8}.Debug|Any CPU.Build.0 = Debug|Any CPU
		{D489DEC8-AECA-46F3-B4BE-71B395157AF8}.Release|Any CPU.ActiveCfg = Release|Any CPU
		{D489DEC8-AECA-46F3-B4BE-71B395157AF8}.Release|Any CPU.Build.0 = Release|Any CPU
		{16F8EA38-D707-4725-8330-0B0482B4CCFA}.Debug|Any CPU.ActiveCfg = Debug|Any CPU
		{16F8EA38-D707-4725-8330-0B0482B4CCFA}.Debug|Any CPU.Build.0 = Debug|Any CPU
		{16F8EA38-D707-4725-8330-0B0482B4CCFA}.Release|Any CPU.ActiveCfg = Release|Any CPU
		{16F8EA38-D707-4725-8330-0B0482B4CCFA}.Release|Any CPU.Build.0 = Release|Any CPU
		{1AE0622F-11AB-43F7-AD23-5CF529A0BFBD}.Debug|Any CPU.ActiveCfg = Debug|Any CPU
		{1AE0622F-11AB-43F7-AD23-5CF529A0BFBD}.Debug|Any CPU.Build.0 = Debug|Any CPU
		{1AE0622F-11AB-43F7-AD23-5CF529A0BFBD}.Release|Any CPU.ActiveCfg = Release|Any CPU
		{1AE0622F-11AB-43F7-AD23-5CF529A0BFBD}.Release|Any CPU.Build.0 = Release|Any CPU
		{ACB26DCE-3A5D-42CB-91CA-52FA5A66B9C3}.Debug|Any CPU.ActiveCfg = Debug|Any CPU
		{ACB26DCE-3A5D-42CB-91CA-52FA5A66B9C3}.Debug|Any CPU.Build.0 = Debug|Any CPU
		{ACB26DCE-3A5D-42CB-91CA-52FA5A66B9C3}.Release|Any CPU.ActiveCfg = Release|Any CPU
		{ACB26DCE-3A5D-42CB-91CA-52FA5A66B9C3}.Release|Any CPU.Build.0 = Release|Any CPU
		{2EAC9FDC-DAB5-48B8-AE87-FEFB696CF808}.Debug|Any CPU.ActiveCfg = Debug|Any CPU
		{2EAC9FDC-DAB5-48B8-AE87-FEFB696CF808}.Debug|Any CPU.Build.0 = Debug|Any CPU
		{2EAC9FDC-DAB5-48B8-AE87-FEFB696CF808}.Release|Any CPU.ActiveCfg = Release|Any CPU
		{2EAC9FDC-DAB5-48B8-AE87-FEFB696CF808}.Release|Any CPU.Build.0 = Release|Any CPU
		{D2B7340E-3CDC-4615-8C5D-DE34DA64B9B4}.Debug|Any CPU.ActiveCfg = Debug|Any CPU
		{D2B7340E-3CDC-4615-8C5D-DE34DA64B9B4}.Debug|Any CPU.Build.0 = Debug|Any CPU
		{D2B7340E-3CDC-4615-8C5D-DE34DA64B9B4}.Release|Any CPU.ActiveCfg = Release|Any CPU
		{D2B7340E-3CDC-4615-8C5D-DE34DA64B9B4}.Release|Any CPU.Build.0 = Release|Any CPU
		{724BC5DA-CD37-400B-A860-55578811A875}.Debug|Any CPU.ActiveCfg = Debug|Any CPU
		{724BC5DA-CD37-400B-A860-55578811A875}.Debug|Any CPU.Build.0 = Debug|Any CPU
		{724BC5DA-CD37-400B-A860-55578811A875}.Release|Any CPU.ActiveCfg = Release|Any CPU
		{724BC5DA-CD37-400B-A860-55578811A875}.Release|Any CPU.Build.0 = Release|Any CPU
		{55F5DA59-F2A6-47D9-9051-DFA373AFB5B4}.Debug|Any CPU.ActiveCfg = Debug|Any CPU
		{55F5DA59-F2A6-47D9-9051-DFA373AFB5B4}.Debug|Any CPU.Build.0 = Debug|Any CPU
		{55F5DA59-F2A6-47D9-9051-DFA373AFB5B4}.Release|Any CPU.ActiveCfg = Release|Any CPU
		{55F5DA59-F2A6-47D9-9051-DFA373AFB5B4}.Release|Any CPU.Build.0 = Release|Any CPU
		{7E1924E7-5675-4039-841E-D0FBEA6F4758}.Debug|Any CPU.ActiveCfg = Debug|Any CPU
		{7E1924E7-5675-4039-841E-D0FBEA6F4758}.Debug|Any CPU.Build.0 = Debug|Any CPU
		{7E1924E7-5675-4039-841E-D0FBEA6F4758}.Release|Any CPU.ActiveCfg = Release|Any CPU
		{7E1924E7-5675-4039-841E-D0FBEA6F4758}.Release|Any CPU.Build.0 = Release|Any CPU
		{9993AF9B-9B97-4B5B-9B75-81206467FD20}.Debug|Any CPU.ActiveCfg = Debug|Any CPU
		{9993AF9B-9B97-4B5B-9B75-81206467FD20}.Debug|Any CPU.Build.0 = Debug|Any CPU
		{9993AF9B-9B97-4B5B-9B75-81206467FD20}.Release|Any CPU.ActiveCfg = Release|Any CPU
		{9993AF9B-9B97-4B5B-9B75-81206467FD20}.Release|Any CPU.Build.0 = Release|Any CPU
		{49DA0C2F-A60D-4D90-AF7E-1860CC78EA1F}.Debug|Any CPU.ActiveCfg = Debug|Any CPU
		{49DA0C2F-A60D-4D90-AF7E-1860CC78EA1F}.Debug|Any CPU.Build.0 = Debug|Any CPU
		{49DA0C2F-A60D-4D90-AF7E-1860CC78EA1F}.Release|Any CPU.ActiveCfg = Release|Any CPU
		{49DA0C2F-A60D-4D90-AF7E-1860CC78EA1F}.Release|Any CPU.Build.0 = Release|Any CPU
		{A6E7389B-8D4A-473A-B295-82CE1B6E4B7D}.Debug|Any CPU.ActiveCfg = Debug|Any CPU
		{A6E7389B-8D4A-473A-B295-82CE1B6E4B7D}.Debug|Any CPU.Build.0 = Debug|Any CPU
		{A6E7389B-8D4A-473A-B295-82CE1B6E4B7D}.Release|Any CPU.ActiveCfg = Release|Any CPU
		{A6E7389B-8D4A-473A-B295-82CE1B6E4B7D}.Release|Any CPU.Build.0 = Release|Any CPU
		{71DE61D2-4003-4851-AA08-A73126B68598}.Debug|Any CPU.ActiveCfg = Debug|Any CPU
		{71DE61D2-4003-4851-AA08-A73126B68598}.Debug|Any CPU.Build.0 = Debug|Any CPU
		{71DE61D2-4003-4851-AA08-A73126B68598}.Release|Any CPU.ActiveCfg = Release|Any CPU
		{71DE61D2-4003-4851-AA08-A73126B68598}.Release|Any CPU.Build.0 = Release|Any CPU
		{06DF38B3-FEB5-4530-A84A-06759B69D947}.Debug|Any CPU.ActiveCfg = Debug|Any CPU
		{06DF38B3-FEB5-4530-A84A-06759B69D947}.Debug|Any CPU.Build.0 = Debug|Any CPU
		{06DF38B3-FEB5-4530-A84A-06759B69D947}.Release|Any CPU.ActiveCfg = Release|Any CPU
		{06DF38B3-FEB5-4530-A84A-06759B69D947}.Release|Any CPU.Build.0 = Release|Any CPU
		{56A628AB-D3FE-4431-818C-B5238F3AE8DD}.Debug|Any CPU.ActiveCfg = Debug|Any CPU
		{56A628AB-D3FE-4431-818C-B5238F3AE8DD}.Debug|Any CPU.Build.0 = Debug|Any CPU
		{56A628AB-D3FE-4431-818C-B5238F3AE8DD}.Release|Any CPU.ActiveCfg = Release|Any CPU
		{56A628AB-D3FE-4431-818C-B5238F3AE8DD}.Release|Any CPU.Build.0 = Release|Any CPU
		{8C06DD96-799F-4762-A54F-2BE79AEDAE98}.Debug|Any CPU.ActiveCfg = Debug|Any CPU
		{8C06DD96-799F-4762-A54F-2BE79AEDAE98}.Debug|Any CPU.Build.0 = Debug|Any CPU
		{8C06DD96-799F-4762-A54F-2BE79AEDAE98}.Release|Any CPU.ActiveCfg = Release|Any CPU
		{8C06DD96-799F-4762-A54F-2BE79AEDAE98}.Release|Any CPU.Build.0 = Release|Any CPU
		{F5453655-7D69-41BA-A801-75348FF4E9AB}.Debug|Any CPU.ActiveCfg = Debug|Any CPU
		{F5453655-7D69-41BA-A801-75348FF4E9AB}.Debug|Any CPU.Build.0 = Debug|Any CPU
		{F5453655-7D69-41BA-A801-75348FF4E9AB}.Release|Any CPU.ActiveCfg = Release|Any CPU
		{F5453655-7D69-41BA-A801-75348FF4E9AB}.Release|Any CPU.Build.0 = Release|Any CPU
		{AB29F8BA-8182-420B-B6F7-70E92D058C17}.Debug|Any CPU.ActiveCfg = Debug|Any CPU
		{AB29F8BA-8182-420B-B6F7-70E92D058C17}.Debug|Any CPU.Build.0 = Debug|Any CPU
		{AB29F8BA-8182-420B-B6F7-70E92D058C17}.Release|Any CPU.ActiveCfg = Release|Any CPU
		{AB29F8BA-8182-420B-B6F7-70E92D058C17}.Release|Any CPU.Build.0 = Release|Any CPU
		{11D65C73-4CA8-4383-B510-8FF670A41734}.Debug|Any CPU.ActiveCfg = Debug|Any CPU
		{11D65C73-4CA8-4383-B510-8FF670A41734}.Debug|Any CPU.Build.0 = Debug|Any CPU
		{11D65C73-4CA8-4383-B510-8FF670A41734}.Release|Any CPU.ActiveCfg = Release|Any CPU
		{11D65C73-4CA8-4383-B510-8FF670A41734}.Release|Any CPU.Build.0 = Release|Any CPU
		{A2A58B28-0F1F-4CC9-AE9C-D5E71B9C27C6}.Debug|Any CPU.ActiveCfg = Debug|Any CPU
		{A2A58B28-0F1F-4CC9-AE9C-D5E71B9C27C6}.Debug|Any CPU.Build.0 = Debug|Any CPU
		{A2A58B28-0F1F-4CC9-AE9C-D5E71B9C27C6}.Release|Any CPU.ActiveCfg = Release|Any CPU
		{A2A58B28-0F1F-4CC9-AE9C-D5E71B9C27C6}.Release|Any CPU.Build.0 = Release|Any CPU
		{5A9A6569-1EE0-4436-B59D-5ABCEA58881C}.Debug|Any CPU.ActiveCfg = Debug|Any CPU
		{5A9A6569-1EE0-4436-B59D-5ABCEA58881C}.Debug|Any CPU.Build.0 = Debug|Any CPU
		{5A9A6569-1EE0-4436-B59D-5ABCEA58881C}.Release|Any CPU.ActiveCfg = Release|Any CPU
		{5A9A6569-1EE0-4436-B59D-5ABCEA58881C}.Release|Any CPU.Build.0 = Release|Any CPU
		{0BE73315-93E8-4B5D-A6E2-00EB7B18333E}.Debug|Any CPU.ActiveCfg = Debug|Any CPU
		{0BE73315-93E8-4B5D-A6E2-00EB7B18333E}.Debug|Any CPU.Build.0 = Debug|Any CPU
		{0BE73315-93E8-4B5D-A6E2-00EB7B18333E}.Release|Any CPU.ActiveCfg = Release|Any CPU
		{0BE73315-93E8-4B5D-A6E2-00EB7B18333E}.Release|Any CPU.Build.0 = Release|Any CPU
		{F0F57339-F00B-40F4-90D9-C2BF650D4839}.Debug|Any CPU.ActiveCfg = Debug|Any CPU
		{F0F57339-F00B-40F4-90D9-C2BF650D4839}.Debug|Any CPU.Build.0 = Debug|Any CPU
		{F0F57339-F00B-40F4-90D9-C2BF650D4839}.Release|Any CPU.ActiveCfg = Release|Any CPU
		{F0F57339-F00B-40F4-90D9-C2BF650D4839}.Release|Any CPU.Build.0 = Release|Any CPU
		{39D2049C-35E9-44E2-B509-FA8D441A0D00}.Debug|Any CPU.ActiveCfg = Debug|Any CPU
		{39D2049C-35E9-44E2-B509-FA8D441A0D00}.Debug|Any CPU.Build.0 = Debug|Any CPU
		{39D2049C-35E9-44E2-B509-FA8D441A0D00}.Release|Any CPU.ActiveCfg = Release|Any CPU
		{39D2049C-35E9-44E2-B509-FA8D441A0D00}.Release|Any CPU.Build.0 = Release|Any CPU
		{E949A469-682D-488C-BD54-A1449608597B}.Debug|Any CPU.ActiveCfg = Debug|Any CPU
		{E949A469-682D-488C-BD54-A1449608597B}.Debug|Any CPU.Build.0 = Debug|Any CPU
		{E949A469-682D-488C-BD54-A1449608597B}.Release|Any CPU.ActiveCfg = Release|Any CPU
		{E949A469-682D-488C-BD54-A1449608597B}.Release|Any CPU.Build.0 = Release|Any CPU
		{CDDD751E-C0F9-4DFE-9208-C193C42CDFCA}.Debug|Any CPU.ActiveCfg = Debug|Any CPU
		{CDDD751E-C0F9-4DFE-9208-C193C42CDFCA}.Debug|Any CPU.Build.0 = Debug|Any CPU
		{CDDD751E-C0F9-4DFE-9208-C193C42CDFCA}.Release|Any CPU.ActiveCfg = Release|Any CPU
		{CDDD751E-C0F9-4DFE-9208-C193C42CDFCA}.Release|Any CPU.Build.0 = Release|Any CPU
		{C582E475-0EAB-44ED-96A4-37D750DDF427}.Debug|Any CPU.ActiveCfg = Debug|Any CPU
		{C582E475-0EAB-44ED-96A4-37D750DDF427}.Debug|Any CPU.Build.0 = Debug|Any CPU
		{C582E475-0EAB-44ED-96A4-37D750DDF427}.Release|Any CPU.ActiveCfg = Release|Any CPU
		{C582E475-0EAB-44ED-96A4-37D750DDF427}.Release|Any CPU.Build.0 = Release|Any CPU
		{47EB67A3-4036-4A61-A0F7-BF8FF848E877}.Debug|Any CPU.ActiveCfg = Debug|Any CPU
		{47EB67A3-4036-4A61-A0F7-BF8FF848E877}.Debug|Any CPU.Build.0 = Debug|Any CPU
		{47EB67A3-4036-4A61-A0F7-BF8FF848E877}.Release|Any CPU.ActiveCfg = Release|Any CPU
		{47EB67A3-4036-4A61-A0F7-BF8FF848E877}.Release|Any CPU.Build.0 = Release|Any CPU
		{14E01228-BC88-400C-BA04-FD425E9DB1EB}.Debug|Any CPU.ActiveCfg = Debug|Any CPU
		{14E01228-BC88-400C-BA04-FD425E9DB1EB}.Debug|Any CPU.Build.0 = Debug|Any CPU
		{14E01228-BC88-400C-BA04-FD425E9DB1EB}.Release|Any CPU.ActiveCfg = Release|Any CPU
		{14E01228-BC88-400C-BA04-FD425E9DB1EB}.Release|Any CPU.Build.0 = Release|Any CPU
		{5608C2A2-ED2F-4FA2-8294-86E10F631E7E}.Debug|Any CPU.ActiveCfg = Debug|Any CPU
		{5608C2A2-ED2F-4FA2-8294-86E10F631E7E}.Debug|Any CPU.Build.0 = Debug|Any CPU
		{5608C2A2-ED2F-4FA2-8294-86E10F631E7E}.Release|Any CPU.ActiveCfg = Release|Any CPU
		{5608C2A2-ED2F-4FA2-8294-86E10F631E7E}.Release|Any CPU.Build.0 = Release|Any CPU
		{A46CFE68-A1F5-437A-8849-1064A1AD5E73}.Debug|Any CPU.ActiveCfg = Debug|Any CPU
		{A46CFE68-A1F5-437A-8849-1064A1AD5E73}.Debug|Any CPU.Build.0 = Debug|Any CPU
		{A46CFE68-A1F5-437A-8849-1064A1AD5E73}.Release|Any CPU.ActiveCfg = Release|Any CPU
		{A46CFE68-A1F5-437A-8849-1064A1AD5E73}.Release|Any CPU.Build.0 = Release|Any CPU
		{354F7E35-250A-41AA-B35F-360BA1E0D325}.Debug|Any CPU.ActiveCfg = Debug|Any CPU
		{354F7E35-250A-41AA-B35F-360BA1E0D325}.Debug|Any CPU.Build.0 = Debug|Any CPU
		{354F7E35-250A-41AA-B35F-360BA1E0D325}.Release|Any CPU.ActiveCfg = Release|Any CPU
		{354F7E35-250A-41AA-B35F-360BA1E0D325}.Release|Any CPU.Build.0 = Release|Any CPU
	EndGlobalSection
	GlobalSection(SolutionProperties) = preSolution
		HideSolutionNode = FALSE
	EndGlobalSection
	GlobalSection(NestedProjects) = preSolution
		{E0518E15-2306-41A4-9E61-496E529F3995} = {F248AF3A-1AD3-4584-B5A8-F77C912B0E11}
		{CF880DB8-53F7-41A0-AACC-8F872575A58F} = {F248AF3A-1AD3-4584-B5A8-F77C912B0E11}
		{74C5A832-3B73-43F0-8B6F-38499AAB121E} = {F248AF3A-1AD3-4584-B5A8-F77C912B0E11}
		{5752538D-0DC4-4C34-B819-4EDA8689FB30} = {6B12DAAC-146C-469C-96B5-A8AC4650D1F3}
		{8C2844EE-420D-4ADD-A3B4-7E5BE53E4FF0} = {6B12DAAC-146C-469C-96B5-A8AC4650D1F3}
		{DFFD5A54-AFC2-4920-B01F-09E95F210B12} = {6B12DAAC-146C-469C-96B5-A8AC4650D1F3}
		{C97850ED-AB6E-4D48-BB82-3499EA75C3FD} = {6B12DAAC-146C-469C-96B5-A8AC4650D1F3}
		{D489DEC8-AECA-46F3-B4BE-71B395157AF8} = {6B12DAAC-146C-469C-96B5-A8AC4650D1F3}
		{519BBA34-B952-4E8B-9940-03361AA25B34} = {F248AF3A-1AD3-4584-B5A8-F77C912B0E11}
		{16F8EA38-D707-4725-8330-0B0482B4CCFA} = {519BBA34-B952-4E8B-9940-03361AA25B34}
		{1AE0622F-11AB-43F7-AD23-5CF529A0BFBD} = {519BBA34-B952-4E8B-9940-03361AA25B34}
		{ACB26DCE-3A5D-42CB-91CA-52FA5A66B9C3} = {519BBA34-B952-4E8B-9940-03361AA25B34}
		{2EAC9FDC-DAB5-48B8-AE87-FEFB696CF808} = {519BBA34-B952-4E8B-9940-03361AA25B34}
		{D2B7340E-3CDC-4615-8C5D-DE34DA64B9B4} = {519BBA34-B952-4E8B-9940-03361AA25B34}
		{724BC5DA-CD37-400B-A860-55578811A875} = {519BBA34-B952-4E8B-9940-03361AA25B34}
		{55F5DA59-F2A6-47D9-9051-DFA373AFB5B4} = {519BBA34-B952-4E8B-9940-03361AA25B34}
		{F7FBE0A4-814F-436F-B285-44BCD8BC9354} = {F248AF3A-1AD3-4584-B5A8-F77C912B0E11}
		{7E1924E7-5675-4039-841E-D0FBEA6F4758} = {F7FBE0A4-814F-436F-B285-44BCD8BC9354}
		{9993AF9B-9B97-4B5B-9B75-81206467FD20} = {F7FBE0A4-814F-436F-B285-44BCD8BC9354}
		{2ABE1033-F8A0-498E-BE10-ECBF0A351CFB} = {F248AF3A-1AD3-4584-B5A8-F77C912B0E11}
		{49DA0C2F-A60D-4D90-AF7E-1860CC78EA1F} = {2ABE1033-F8A0-498E-BE10-ECBF0A351CFB}
		{A6E7389B-8D4A-473A-B295-82CE1B6E4B7D} = {2ABE1033-F8A0-498E-BE10-ECBF0A351CFB}
		{71DE61D2-4003-4851-AA08-A73126B68598} = {2ABE1033-F8A0-498E-BE10-ECBF0A351CFB}
		{06DF38B3-FEB5-4530-A84A-06759B69D947} = {2ABE1033-F8A0-498E-BE10-ECBF0A351CFB}
		{D101E88D-35C1-4F56-B532-DC1D0A58006C} = {F248AF3A-1AD3-4584-B5A8-F77C912B0E11}
		{56A628AB-D3FE-4431-818C-B5238F3AE8DD} = {D101E88D-35C1-4F56-B532-DC1D0A58006C}
		{8C06DD96-799F-4762-A54F-2BE79AEDAE98} = {D101E88D-35C1-4F56-B532-DC1D0A58006C}
		{F5453655-7D69-41BA-A801-75348FF4E9AB} = {D101E88D-35C1-4F56-B532-DC1D0A58006C}
		{AB29F8BA-8182-420B-B6F7-70E92D058C17} = {D101E88D-35C1-4F56-B532-DC1D0A58006C}
		{11D65C73-4CA8-4383-B510-8FF670A41734} = {D101E88D-35C1-4F56-B532-DC1D0A58006C}
		{A2A58B28-0F1F-4CC9-AE9C-D5E71B9C27C6} = {D101E88D-35C1-4F56-B532-DC1D0A58006C}
		{5A9A6569-1EE0-4436-B59D-5ABCEA58881C} = {D101E88D-35C1-4F56-B532-DC1D0A58006C}
		{0BE73315-93E8-4B5D-A6E2-00EB7B18333E} = {D101E88D-35C1-4F56-B532-DC1D0A58006C}
		{F0F57339-F00B-40F4-90D9-C2BF650D4839} = {D101E88D-35C1-4F56-B532-DC1D0A58006C}
		{E3EB8942-7070-4B4E-A04E-750C5A4E058E} = {F248AF3A-1AD3-4584-B5A8-F77C912B0E11}
		{39D2049C-35E9-44E2-B509-FA8D441A0D00} = {E3EB8942-7070-4B4E-A04E-750C5A4E058E}
		{E949A469-682D-488C-BD54-A1449608597B} = {E3EB8942-7070-4B4E-A04E-750C5A4E058E}
		{CDDD751E-C0F9-4DFE-9208-C193C42CDFCA} = {E3EB8942-7070-4B4E-A04E-750C5A4E058E}
		{C582E475-0EAB-44ED-96A4-37D750DDF427} = {E3EB8942-7070-4B4E-A04E-750C5A4E058E}
		{47EB67A3-4036-4A61-A0F7-BF8FF848E877} = {E3EB8942-7070-4B4E-A04E-750C5A4E058E}
		{14E01228-BC88-400C-BA04-FD425E9DB1EB} = {E3EB8942-7070-4B4E-A04E-750C5A4E058E}
		{5608C2A2-ED2F-4FA2-8294-86E10F631E7E} = {E3EB8942-7070-4B4E-A04E-750C5A4E058E}
		{A46CFE68-A1F5-437A-8849-1064A1AD5E73} = {E3EB8942-7070-4B4E-A04E-750C5A4E058E}
		{354F7E35-250A-41AA-B35F-360BA1E0D325} = {E3EB8942-7070-4B4E-A04E-750C5A4E058E}
	EndGlobalSection
	GlobalSection(ExtensibilityGlobals) = postSolution
		SolutionGuid = {0ED74791-9F73-4AE3-BCE8-6F8353701179}
	EndGlobalSection
EndGlobal
